
Microsoft Visual Studio Solution File, Format Version 12.00
# Visual Studio 2013
VisualStudioVersion = 12.0.21005.1
MinimumVisualStudioVersion = 10.0.40219.1
Project("{FAE04EC0-301F-11D3-BF4B-00C04F79EFBC}") = "FileSystemDAL", "FileSystemDAL\FileSystemDAL.csproj", "{82B8423D-DAE5-484D-B533-E5BAADCB41AA}"
EndProject
Project("{FAE04EC0-301F-11D3-BF4B-00C04F79EFBC}") = "FileSystemLogger", "FileSystemLogger\FileSystemLogger.csproj", "{499408C8-0935-4ECF-A30D-BA51C640C189}"
EndProject
Project("{FAE04EC0-301F-11D3-BF4B-00C04F79EFBC}") = "FileSystemDAL.Tests", "FileSystemDAL.Tests\FileSystemDAL.Tests.csproj", "{60B40792-DF58-46D6-9B8F-65C800226C09}"
EndProject
Project("{FAE04EC0-301F-11D3-BF4B-00C04F79EFBC}") = "FileSystem", "FileSystem\FileSystem.csproj", "{8A63A95C-2892-47C0-A256-4A85A0B44CEF}"
EndProject
Project("{FAE04EC0-301F-11D3-BF4B-00C04F79EFBC}") = "FileSystem.Tests", "FileSystem.Tests\FileSystem.Tests.csproj", "{838457C2-76AA-4A63-8430-E14903F274F1}"
EndProject
Global
	GlobalSection(SolutionConfigurationPlatforms) = preSolution
		Debug|Any CPU = Debug|Any CPU
		Release|Any CPU = Release|Any CPU
	EndGlobalSection
	GlobalSection(ProjectConfigurationPlatforms) = postSolution
		{82B8423D-DAE5-484D-B533-E5BAADCB41AA}.Debug|Any CPU.ActiveCfg = Debug|Any CPU
		{82B8423D-DAE5-484D-B533-E5BAADCB41AA}.Debug|Any CPU.Build.0 = Debug|Any CPU
		{82B8423D-DAE5-484D-B533-E5BAADCB41AA}.Release|Any CPU.ActiveCfg = Release|Any CPU
		{82B8423D-DAE5-484D-B533-E5BAADCB41AA}.Release|Any CPU.Build.0 = Release|Any CPU
		{499408C8-0935-4ECF-A30D-BA51C640C189}.Debug|Any CPU.ActiveCfg = Debug|Any CPU
		{499408C8-0935-4ECF-A30D-BA51C640C189}.Debug|Any CPU.Build.0 = Debug|Any CPU
		{499408C8-0935-4ECF-A30D-BA51C640C189}.Release|Any CPU.ActiveCfg = Release|Any CPU
		{499408C8-0935-4ECF-A30D-BA51C640C189}.Release|Any CPU.Build.0 = Release|Any CPU
		{60B40792-DF58-46D6-9B8F-65C800226C09}.Debug|Any CPU.ActiveCfg = Debug|Any CPU
		{60B40792-DF58-46D6-9B8F-65C800226C09}.Debug|Any CPU.Build.0 = Debug|Any CPU
		{60B40792-DF58-46D6-9B8F-65C800226C09}.Release|Any CPU.ActiveCfg = Release|Any CPU
		{60B40792-DF58-46D6-9B8F-65C800226C09}.Release|Any CPU.Build.0 = Release|Any CPU
		{8A63A95C-2892-47C0-A256-4A85A0B44CEF}.Debug|Any CPU.ActiveCfg = Debug|Any CPU
		{8A63A95C-2892-47C0-A256-4A85A0B44CEF}.Debug|Any CPU.Build.0 = Debug|Any CPU
		{8A63A95C-2892-47C0-A256-4A85A0B44CEF}.Release|Any CPU.ActiveCfg = Release|Any CPU
		{8A63A95C-2892-47C0-A256-4A85A0B44CEF}.Release|Any CPU.Build.0 = Release|Any CPU
		{838457C2-76AA-4A63-8430-E14903F274F1}.Debug|Any CPU.ActiveCfg = Debug|Any CPU
		{838457C2-76AA-4A63-8430-E14903F274F1}.Debug|Any CPU.Build.0 = Debug|Any CPU
		{838457C2-76AA-4A63-8430-E14903F274F1}.Release|Any CPU.ActiveCfg = Release|Any CPU
		{838457C2-76AA-4A63-8430-E14903F274F1}.Release|Any CPU.Build.0 = Release|Any CPU
	EndGlobalSection
	GlobalSection(SolutionProperties) = preSolution
		HideSolutionNode = FALSE
	EndGlobalSection
EndGlobal
